// !$*UTF8*$!
{
	archiveVersion = 1;
	classes = {
	};
	objectVersion = 77;
	objects = {

/* Begin PBXContainerItemProxy section */
		1ADD49BF2F0D5CFB008812AC /* PBXContainerItemProxy */ = {
			isa = PBXContainerItemProxy;
			containerPortal = 1ADD49A92F0D5CF8008812AC /* Project object */;
			proxyType = 1;
			remoteGlobalIDString = 1ADD49B02F0D5CF8008812AC;
			remoteInfo = "Pro Service Hub";
		};
		1ADD49C92F0D5CFB008812AC /* PBXContainerItemProxy */ = {
			isa = PBXContainerItemProxy;
			containerPortal = 1ADD49A92F0D5CF8008812AC /* Project object */;
			proxyType = 1;
			remoteGlobalIDString = 1ADD49B02F0D5CF8008812AC;
			remoteInfo = "Pro Service Hub";
		};
/* End PBXContainerItemProxy section */

/* Begin PBXFileReference section */
		1ADD49B12F0D5CF8008812AC /* Pro Service Hub.app */ = {isa = PBXFileReference; explicitFileType = wrapper.application; includeInIndex = 0; path = "Pro Service Hub.app"; sourceTree = BUILT_PRODUCTS_DIR; };
		1ADD49BE2F0D5CFB008812AC /* Pro Service HubTests.xctest */ = {isa = PBXFileReference; explicitFileType = wrapper.cfbundle; includeInIndex = 0; path = "Pro Service HubTests.xctest"; sourceTree = BUILT_PRODUCTS_DIR; };
		1ADD49C82F0D5CFB008812AC /* Pro Service HubUITests.xctest */ = {isa = PBXFileReference; explicitFileType = wrapper.cfbundle; includeInIndex = 0; path = "Pro Service HubUITests.xctest"; sourceTree = BUILT_PRODUCTS_DIR; };
/* End PBXFileReference section */

/* Begin PBXFileSystemSynchronizedBuildFileExceptionSet section */
		1AAA10BE2F0FE01900AB4B48 /* Exceptions for "Pro Service Hub" folder in "Pro Service Hub" target */ = {
			isa = PBXFileSystemSynchronizedBuildFileExceptionSet;
			membershipExceptions = (
				Info.plist,
			);
			target = 1ADD49B02F0D5CF8008812AC /* Pro Service Hub */;
		};
/* End PBXFileSystemSynchronizedBuildFileExceptionSet section */

/* Begin PBXFileSystemSynchronizedRootGroup section */
		1ADD49B32F0D5CF8008812AC /* Pro Service Hub */ = {
			isa = PBXFileSystemSynchronizedRootGroup;
			exceptions = (
				1AAA10BE2F0FE01900AB4B48 /* Exceptions for "Pro Service Hub" folder in "Pro Service Hub" target */,
			);
			path = "Pro Service Hub";
			sourceTree = "<group>";
		};
		1ADD49C12F0D5CFB008812AC /* Pro Service HubTests */ = {
			isa = PBXFileSystemSynchronizedRootGroup;
			path = "Pro Service HubTests";
			sourceTree = "<group>";
		};
		1ADD49CB2F0D5CFB008812AC /* Pro Service HubUITests */ = {
			isa = PBXFileSystemSynchronizedRootGroup;
			path = "Pro Service HubUITests";
			sourceTree = "<group>";
		};
/* End PBXFileSystemSynchronizedRootGroup section */

/* Begin PBXFrameworksBuildPhase section */
		1ADD49AE2F0D5CF8008812AC /* Frameworks */ = {
			isa = PBXFrameworksBuildPhase;
			buildActionMask = 2147483647;
			files = (
			);
			runOnlyForDeploymentPostprocessing = 0;
		};
		1ADD49BB2F0D5CFB008812AC /* Frameworks */ = {
			isa = PBXFrameworksBuildPhase;
			buildActionMask = 2147483647;
			files = (
			);
			runOnlyForDeploymentPostprocessing = 0;
		};
		1ADD49C52F0D5CFB008812AC /* Frameworks */ = {
			isa = PBXFrameworksBuildPhase;
			buildActionMask = 2147483647;
			files = (
			);
			runOnlyForDeploymentPostprocessing = 0;
		};
/* End PBXFrameworksBuildPhase section */

/* Begin PBXGroup section */
		1ADD49A82F0D5CF8008812AC = {
			isa = PBXGroup;
			children = (
				1ADD49B32F0D5CF8008812AC /* Pro Service Hub */,
				1ADD49C12F0D5CFB008812AC /* Pro Service HubTests */,
				1ADD49CB2F0D5CFB008812AC /* Pro Service HubUITests */,
				1ADD49B22F0D5CF8008812AC /* Products */,
			);
			sourceTree = "<group>";
		};
		1ADD49B22F0D5CF8008812AC /* Products */ = {
			isa = PBXGroup;
			children = (
				1ADD49B12F0D5CF8008812AC /* Pro Service Hub.app */,
				1ADD49BE2F0D5CFB008812AC /* Pro Service HubTests.xctest */,
				1ADD49C82F0D5CFB008812AC /* Pro Service HubUITests.xctest */,
			);
			name = Products;
			sourceTree = "<group>";
		};
/* End PBXGroup section */

/* Begin PBXNativeTarget section */
		1ADD49B02F0D5CF8008812AC /* Pro Service Hub */ = {
			isa = PBXNativeTarget;
			buildConfigurationList = 1ADD49D22F0D5CFB008812AC /* Build configuration list for PBXNativeTarget "Pro Service Hub" */;
			buildPhases = (
				1ADD49AD2F0D5CF8008812AC /* Sources */,
				1ADD49AE2F0D5CF8008812AC /* Frameworks */,
				1ADD49AF2F0D5CF8008812AC /* Resources */,
			);
			buildRules = (
			);
			dependencies = (
			);
			fileSystemSynchronizedGroups = (
				1ADD49B32F0D5CF8008812AC /* Pro Service Hub */,
			);
			name = "Pro Service Hub";
			packageProductDependencies = (
			);
			productName = "Pro Service Hub";
			productReference = 1ADD49B12F0D5CF8008812AC /* Pro Service Hub.app */;
			productType = "com.apple.product-type.application";
		};
		1ADD49BD2F0D5CFB008812AC /* Pro Service HubTests */ = {
			isa = PBXNativeTarget;
			buildConfigurationList = 1ADD49D52F0D5CFB008812AC /* Build configuration list for PBXNativeTarget "Pro Service HubTests" */;
			buildPhases = (
				1ADD49BA2F0D5CFB008812AC /* Sources */,
				1ADD49BB2F0D5CFB008812AC /* Frameworks */,
				1ADD49BC2F0D5CFB008812AC /* Resources */,
			);
			buildRules = (
			);
			dependencies = (
				1ADD49C02F0D5CFB008812AC /* PBXTargetDependency */,
			);
			fileSystemSynchronizedGroups = (
				1ADD49C12F0D5CFB008812AC /* Pro Service HubTests */,
			);
			name = "Pro Service HubTests";
			packageProductDependencies = (
			);
			productName = "Pro Service HubTests";
			productReference = 1ADD49BE2F0D5CFB008812AC /* Pro Service HubTests.xctest */;
			productType = "com.apple.product-type.bundle.unit-test";
		};
		1ADD49C72F0D5CFB008812AC /* Pro Service HubUITests */ = {
			isa = PBXNativeTarget;
			buildConfigurationList = 1ADD49D82F0D5CFB008812AC /* Build configuration list for PBXNativeTarget "Pro Service HubUITests" */;
			buildPhases = (
				1ADD49C42F0D5CFB008812AC /* Sources */,
				1ADD49C52F0D5CFB008812AC /* Frameworks */,
				1ADD49C62F0D5CFB008812AC /* Resources */,
			);
			buildRules = (
			);
			dependencies = (
				1ADD49CA2F0D5CFB008812AC /* PBXTargetDependency */,
			);
			fileSystemSynchronizedGroups = (
				1ADD49CB2F0D5CFB008812AC /* Pro Service HubUITests */,
			);
			name = "Pro Service HubUITests";
			packageProductDependencies = (
			);
			productName = "Pro Service HubUITests";
			productReference = 1ADD49C82F0D5CFB008812AC /* Pro Service HubUITests.xctest */;
			productType = "com.apple.product-type.bundle.ui-testing";
		};
/* End PBXNativeTarget section */

/* Begin PBXProject section */
		1ADD49A92F0D5CF8008812AC /* Project object */ = {
			isa = PBXProject;
			attributes = {
				BuildIndependentTargetsInParallel = 1;
				LastSwiftUpdateCheck = 2600;
				LastUpgradeCheck = 2620;
				TargetAttributes = {
					1ADD49B02F0D5CF8008812AC = {
						CreatedOnToolsVersion = 26.0.1;
					};
					1ADD49BD2F0D5CFB008812AC = {
						CreatedOnToolsVersion = 26.0.1;
						TestTargetID = 1ADD49B02F0D5CF8008812AC;
					};
					1ADD49C72F0D5CFB008812AC = {
						CreatedOnToolsVersion = 26.0.1;
						TestTargetID = 1ADD49B02F0D5CF8008812AC;
					};
				};
			};
			buildConfigurationList = 1ADD49AC2F0D5CF8008812AC /* Build configuration list for PBXProject "Pro Service Hub" */;
			developmentRegion = en;
			hasScannedForEncodings = 0;
			knownRegions = (
				en,
				Base,
			);
			mainGroup = 1ADD49A82F0D5CF8008812AC;
			minimizedProjectReferenceProxies = 1;
			preferredProjectObjectVersion = 77;
			productRefGroup = 1ADD49B22F0D5CF8008812AC /* Products */;
			projectDirPath = "";
			projectRoot = "";
			targets = (
				1ADD49B02F0D5CF8008812AC /* Pro Service Hub */,
				1ADD49BD2F0D5CFB008812AC /* Pro Service HubTests */,
				1ADD49C72F0D5CFB008812AC /* Pro Service HubUITests */,
			);
		};
/* End PBXProject section */

/* Begin PBXResourcesBuildPhase section */
		1ADD49AF2F0D5CF8008812AC /* Resources */ = {
			isa = PBXResourcesBuildPhase;
			buildActionMask = 2147483647;
			files = (
			);
			runOnlyForDeploymentPostprocessing = 0;
		};
		1ADD49BC2F0D5CFB008812AC /* Resources */ = {
			isa = PBXResourcesBuildPhase;
			buildActionMask = 2147483647;
			files = (
			);
			runOnlyForDeploymentPostprocessing = 0;
		};
		1ADD49C62F0D5CFB008812AC /* Resources */ = {
			isa = PBXResourcesBuildPhase;
			buildActionMask = 2147483647;
			files = (
			);
			runOnlyForDeploymentPostprocessing = 0;
		};
/* End PBXResourcesBuildPhase section */

/* Begin PBXSourcesBuildPhase section */
		1ADD49AD2F0D5CF8008812AC /* Sources */ = {
			isa = PBXSourcesBuildPhase;
			buildActionMask = 2147483647;
			files = (
			);
			runOnlyForDeploymentPostprocessing = 0;
		};
		1ADD49BA2F0D5CFB008812AC /* Sources */ = {
			isa = PBXSourcesBuildPhase;
			buildActionMask = 2147483647;
			files = (
			);
			runOnlyForDeploymentPostprocessing = 0;
		};
		1ADD49C42F0D5CFB008812AC /* Sources */ = {
			isa = PBXSourcesBuildPhase;
			buildActionMask = 2147483647;
			files = (
			);
			runOnlyForDeploymentPostprocessing = 0;
		};
/* End PBXSourcesBuildPhase section */

/* Begin PBXTargetDependency section */
		1ADD49C02F0D5CFB008812AC /* PBXTargetDependency */ = {
			isa = PBXTargetDependency;
			target = 1ADD49B02F0D5CF8008812AC /* Pro Service Hub */;
			targetProxy = 1ADD49BF2F0D5CFB008812AC /* PBXContainerItemProxy */;
		};
		1ADD49CA2F0D5CFB008812AC /* PBXTargetDependency */ = {
			isa = PBXTargetDependency;
			target = 1ADD49B02F0D5CF8008812AC /* Pro Service Hub */;
			targetProxy = 1ADD49C92F0D5CFB008812AC /* PBXContainerItemProxy */;
		};
/* End PBXTargetDependency section */

/* Begin XCBuildConfiguration section */
		1ADD49D02F0D5CFB008812AC /* Debug */ = {
			isa = XCBuildConfiguration;
			buildSettings = {
				ALWAYS_SEARCH_USER_PATHS = NO;
				ASSETCATALOG_COMPILER_GENERATE_SWIFT_ASSET_SYMBOL_EXTENSIONS = YES;
				CLANG_ANALYZER_NONNULL = YES;
				CLANG_ANALYZER_NUMBER_OBJECT_CONVERSION = YES_AGGRESSIVE;
				CLANG_CXX_LANGUAGE_STANDARD = "gnu++20";
				CLANG_ENABLE_MODULES = YES;
				CLANG_ENABLE_OBJC_ARC = YES;
				CLANG_ENABLE_OBJC_WEAK = YES;
				CLANG_WARN_BLOCK_CAPTURE_AUTORELEASING = YES;
				CLANG_WARN_BOOL_CONVERSION = YES;
				CLANG_WARN_COMMA = YES;
				CLANG_WARN_CONSTANT_CONVERSION = YES;
				CLANG_WARN_DEPRECATED_OBJC_IMPLEMENTATIONS = YES;
				CLANG_WARN_DIRECT_OBJC_ISA_USAGE = YES_ERROR;
				CLANG_WARN_DOCUMENTATION_COMMENTS = YES;
				CLANG_WARN_EMPTY_BODY = YES;
				CLANG_WARN_ENUM_CONVERSION = YES;
				CLANG_WARN_INFINITE_RECURSION = YES;
				CLANG_WARN_INT_CONVERSION = YES;
				CLANG_WARN_NON_LITERAL_NULL_CONVERSION = YES;
				CLANG_WARN_OBJC_IMPLICIT_RETAIN_SELF = YES;
				CLANG_WARN_OBJC_LITERAL_CONVERSION = YES;
				CLANG_WARN_OBJC_ROOT_CLASS = YES_ERROR;
				CLANG_WARN_QUOTED_INCLUDE_IN_FRAMEWORK_HEADER = YES;
				CLANG_WARN_RANGE_LOOP_ANALYSIS = YES;
				CLANG_WARN_STRICT_PROTOTYPES = YES;
				CLANG_WARN_SUSPICIOUS_MOVE = YES;
				CLANG_WARN_UNGUARDED_AVAILABILITY = YES_AGGRESSIVE;
				CLANG_WARN_UNREACHABLE_CODE = YES;
				CLANG_WARN__DUPLICATE_METHOD_MATCH = YES;
				COPY_PHASE_STRIP = NO;
				DEBUG_INFORMATION_FORMAT = dwarf;
				DEVELOPMENT_TEAM = BXHXT2839P;
				ENABLE_STRICT_OBJC_MSGSEND = YES;
				ENABLE_TESTABILITY = YES;
				ENABLE_USER_SCRIPT_SANDBOXING = YES;
				GCC_C_LANGUAGE_STANDARD = gnu17;
				GCC_DYNAMIC_NO_PIC = NO;
				GCC_NO_COMMON_BLOCKS = YES;
				GCC_OPTIMIZATION_LEVEL = 0;
				GCC_PREPROCESSOR_DEFINITIONS = (
					"DEBUG=1",
					"$(inherited)",
				);
				GCC_WARN_64_TO_32_BIT_CONVERSION = YES;
				GCC_WARN_ABOUT_RETURN_TYPE = YES_ERROR;
				GCC_WARN_UNDECLARED_SELECTOR = YES;
				GCC_WARN_UNINITIALIZED_AUTOS = YES_AGGRESSIVE;
				GCC_WARN_UNUSED_FUNCTION = YES;
				GCC_WARN_UNUSED_VARIABLE = YES;
				IPHONEOS_DEPLOYMENT_TARGET = 26.0;
				LOCALIZATION_PREFERS_STRING_CATALOGS = YES;
				MTL_ENABLE_DEBUG_INFO = INCLUDE_SOURCE;
				MTL_FAST_MATH = YES;
				ONLY_ACTIVE_ARCH = YES;
				SDKROOT = iphoneos;
				STRING_CATALOG_GENERATE_SYMBOLS = YES;
				SWIFT_ACTIVE_COMPILATION_CONDITIONS = "DEBUG $(inherited)";
				SWIFT_OPTIMIZATION_LEVEL = "-Onone";
			};
			name = Debug;
		};
		1ADD49D12F0D5CFB008812AC /* Release */ = {
			isa = XCBuildConfiguration;
			buildSettings = {
				ALWAYS_SEARCH_USER_PATHS = NO;
				ASSETCATALOG_COMPILER_GENERATE_SWIFT_ASSET_SYMBOL_EXTENSIONS = YES;
				CLANG_ANALYZER_NONNULL = YES;
				CLANG_ANALYZER_NUMBER_OBJECT_CONVERSION = YES_AGGRESSIVE;
				CLANG_CXX_LANGUAGE_STANDARD = "gnu++20";
				CLANG_ENABLE_MODULES = YES;
				CLANG_ENABLE_OBJC_ARC = YES;
				CLANG_ENABLE_OBJC_WEAK = YES;
				CLANG_WARN_BLOCK_CAPTURE_AUTORELEASING = YES;
				CLANG_WARN_BOOL_CONVERSION = YES;
				CLANG_WARN_COMMA = YES;
				CLANG_WARN_CONSTANT_CONVERSION = YES;
				CLANG_WARN_DEPRECATED_OBJC_IMPLEMENTATIONS = YES;
				CLANG_WARN_DIRECT_OBJC_ISA_USAGE = YES_ERROR;
				CLANG_WARN_DOCUMENTATION_COMMENTS = YES;
				CLANG_WARN_EMPTY_BODY = YES;
				CLANG_WARN_ENUM_CONVERSION = YES;
				CLANG_WARN_INFINITE_RECURSION = YES;
				CLANG_WARN_INT_CONVERSION = YES;
				CLANG_WARN_NON_LITERAL_NULL_CONVERSION = YES;
				CLANG_WARN_OBJC_IMPLICIT_RETAIN_SELF = YES;
				CLANG_WARN_OBJC_LITERAL_CONVERSION = YES;
				CLANG_WARN_OBJC_ROOT_CLASS = YES_ERROR;
				CLANG_WARN_QUOTED_INCLUDE_IN_FRAMEWORK_HEADER = YES;
				CLANG_WARN_RANGE_LOOP_ANALYSIS = YES;
				CLANG_WARN_STRICT_PROTOTYPES = YES;
				CLANG_WARN_SUSPICIOUS_MOVE = YES;
				CLANG_WARN_UNGUARDED_AVAILABILITY = YES_AGGRESSIVE;
				CLANG_WARN_UNREACHABLE_CODE = YES;
				CLANG_WARN__DUPLICATE_METHOD_MATCH = YES;
				COPY_PHASE_STRIP = NO;
				DEBUG_INFORMATION_FORMAT = "dwarf-with-dsym";
				DEVELOPMENT_TEAM = BXHXT2839P;
				ENABLE_NS_ASSERTIONS = NO;
				ENABLE_STRICT_OBJC_MSGSEND = YES;
				ENABLE_USER_SCRIPT_SANDBOXING = YES;
				GCC_C_LANGUAGE_STANDARD = gnu17;
				GCC_NO_COMMON_BLOCKS = YES;
				GCC_WARN_64_TO_32_BIT_CONVERSION = YES;
				GCC_WARN_ABOUT_RETURN_TYPE = YES_ERROR;
				GCC_WARN_UNDECLARED_SELECTOR = YES;
				GCC_WARN_UNINITIALIZED_AUTOS = YES_AGGRESSIVE;
				GCC_WARN_UNUSED_FUNCTION = YES;
				GCC_WARN_UNUSED_VARIABLE = YES;
				IPHONEOS_DEPLOYMENT_TARGET = 26.0;
				LOCALIZATION_PREFERS_STRING_CATALOGS = YES;
				MTL_ENABLE_DEBUG_INFO = NO;
				MTL_FAST_MATH = YES;
				SDKROOT = iphoneos;
				STRING_CATALOG_GENERATE_SYMBOLS = YES;
				SWIFT_COMPILATION_MODE = wholemodule;
				VALIDATE_PRODUCT = YES;
			};
			name = Release;
		};
		1ADD49D32F0D5CFB008812AC /* Debug */ = {
			isa = XCBuildConfiguration;
			buildSettings = {
				ASSETCATALOG_COMPILER_APPICON_NAME = AppIcon;
				ASSETCATALOG_COMPILER_GLOBAL_ACCENT_COLOR_NAME = AccentColor;
				CODE_SIGN_STYLE = Automatic;
				CURRENT_PROJECT_VERSION = 1;
				DEVELOPMENT_TEAM = BXHXT2839P;
				ENABLE_PREVIEWS = YES;
				GENERATE_INFOPLIST_FILE = YES;
				INFOPLIST_FILE = "Pro Service Hub/Info.plist";
				INFOPLIST_KEY_NSLocationWhenInUseUsageDescription = "We use your location to find nearby service providers.";
				INFOPLIST_KEY_UIApplicationSceneManifest_Generation = YES;
				INFOPLIST_KEY_UIApplicationSupportsIndirectInputEvents = YES;
				INFOPLIST_KEY_UILaunchScreen_Generation = YES;
				INFOPLIST_KEY_UISupportedInterfaceOrientations_iPad = "UIInterfaceOrientationPortrait UIInterfaceOrientationPortraitUpsideDown UIInterfaceOrientationLandscapeLeft UIInterfaceOrientationLandscapeRight";
				INFOPLIST_KEY_UISupportedInterfaceOrientations_iPhone = "UIInterfaceOrientationPortrait UIInterfaceOrientationLandscapeLeft UIInterfaceOrientationLandscapeRight";
				LD_RUNPATH_SEARCH_PATHS = (
					"$(inherited)",
					"@executable_path/Frameworks",
				);
				MARKETING_VERSION = 1.0;
				PRODUCT_BUNDLE_IDENTIFIER = "com.ostrowick.Pro-Service-Hub";
				PRODUCT_NAME = "$(TARGET_NAME)";
				STRING_CATALOG_GENERATE_SYMBOLS = YES;
				SWIFT_APPROACHABLE_CONCURRENCY = YES;
				SWIFT_DEFAULT_ACTOR_ISOLATION = MainActor;
				SWIFT_EMIT_LOC_STRINGS = YES;
				SWIFT_UPCOMING_FEATURE_MEMBER_IMPORT_VISIBILITY = YES;
				SWIFT_VERSION = 5.0;
				TARGETED_DEVICE_FAMILY = "1,2";
			};
			name = Debug;
		};
		1ADD49D42F0D5CFB008812AC /* Release */ = {
			isa = XCBuildConfiguration;
			buildSettings = {
				ASSETCATALOG_COMPILER_APPICON_NAME = AppIcon;
				ASSETCATALOG_COMPILER_GLOBAL_ACCENT_COLOR_NAME = AccentColor;
				CODE_SIGN_STYLE = Automatic;
				CURRENT_PROJECT_VERSION = 1;
				DEVELOPMENT_TEAM = BXHXT2839P;
				ENABLE_PREVIEWS = YES;
				GENERATE_INFOPLIST_FILE = YES;
				INFOPLIST_FILE = "Pro Service Hub/Info.plist";
				INFOPLIST_KEY_NSLocationWhenInUseUsageDescription = "We use your location to find nearby service providers.";
				INFOPLIST_KEY_UIApplicationSceneManifest_Generation = YES;
				INFOPLIST_KEY_UIApplicationSupportsIndirectInputEvents = YES;
				INFOPLIST_KEY_UILaunchScreen_Generation = YES;
				INFOPLIST_KEY_UISupportedInterfaceOrientations_iPad = "UIInterfaceOrientationPortrait UIInterfaceOrientationPortraitUpsideDown UIInterfaceOrientationLandscapeLeft UIInterfaceOrientationLandscapeRight";
				INFOPLIST_KEY_UISupportedInterfaceOrientations_iPhone = "UIInterfaceOrientationPortrait UIInterfaceOrientationLandscapeLeft UIInterfaceOrientationLandscapeRight";
				LD_RUNPATH_SEARCH_PATHS = (
					"$(inherited)",
					"@executable_path/Frameworks",
				);
				MARKETING_VERSION = 1.0;
				PRODUCT_BUNDLE_IDENTIFIER = "com.ostrowick.Pro-Service-Hub";
				PRODUCT_NAME = "$(TARGET_NAME)";
				STRING_CATALOG_GENERATE_SYMBOLS = YES;
				SWIFT_APPROACHABLE_CONCURRENCY = YES;
				SWIFT_DEFAULT_ACTOR_ISOLATION = MainActor;
				SWIFT_EMIT_LOC_STRINGS = YES;
				SWIFT_UPCOMING_FEATURE_MEMBER_IMPORT_VISIBILITY = YES;
				SWIFT_VERSION = 5.0;
				TARGETED_DEVICE_FAMILY = "1,2";
			};
			name = Release;
		};
		1ADD49D62F0D5CFB008812AC /* Debug */ = {
			isa = XCBuildConfiguration;
			buildSettings = {
				BUNDLE_LOADER = "$(TEST_HOST)";
				CODE_SIGN_STYLE = Automatic;
				CURRENT_PROJECT_VERSION = 1;
				DEVELOPMENT_TEAM = BXHXT2839P;
				GENERATE_INFOPLIST_FILE = YES;
				IPHONEOS_DEPLOYMENT_TARGET = 26.0;
				MARKETING_VERSION = 1.0;
				PRODUCT_BUNDLE_IDENTIFIER = "com.ostrowick.Pro-Service-HubTests";
				PRODUCT_NAME = "$(TARGET_NAME)";
				STRING_CATALOG_GENERATE_SYMBOLS = NO;
				SWIFT_APPROACHABLE_CONCURRENCY = YES;
				SWIFT_EMIT_LOC_STRINGS = NO;
				SWIFT_UPCOMING_FEATURE_MEMBER_IMPORT_VISIBILITY = YES;
				SWIFT_VERSION = 5.0;
				TARGETED_DEVICE_FAMILY = "1,2";
				TEST_HOST = "$(BUILT_PRODUCTS_DIR)/Pro Service Hub.app/$(BUNDLE_EXECUTABLE_FOLDER_PATH)/Pro Service Hub";
			};
			name = Debug;
		};
		1ADD49D72F0D5CFB008812AC /* Release */ = {
			isa = XCBuildConfiguration;
			buildSettings = {
				BUNDLE_LOADER = "$(TEST_HOST)";
				CODE_SIGN_STYLE = Automatic;
				CURRENT_PROJECT_VERSION = 1;
				DEVELOPMENT_TEAM = BXHXT2839P;
				GENERATE_INFOPLIST_FILE = YES;
				IPHONEOS_DEPLOYMENT_TARGET = 26.0;
				MARKETING_VERSION = 1.0;
				PRODUCT_BUNDLE_IDENTIFIER = "com.ostrowick.Pro-Service-HubTests";
				PRODUCT_NAME = "$(TARGET_NAME)";
				STRING_CATALOG_GENERATE_SYMBOLS = NO;
				SWIFT_APPROACHABLE_CONCURRENCY = YES;
				SWIFT_EMIT_LOC_STRINGS = NO;
				SWIFT_UPCOMING_FEATURE_MEMBER_IMPORT_VISIBILITY = YES;
				SWIFT_VERSION = 5.0;
				TARGETED_DEVICE_FAMILY = "1,2";
				TEST_HOST = "$(BUILT_PRODUCTS_DIR)/Pro Service Hub.app/$(BUNDLE_EXECUTABLE_FOLDER_PATH)/Pro Service Hub";
			};
			name = Release;
		};
		1ADD49D92F0D5CFB008812AC /* Debug */ = {
			isa = XCBuildConfiguration;
			buildSettings = {
				CODE_SIGN_STYLE = Automatic;
				CURRENT_PROJECT_VERSION = 1;
				DEVELOPMENT_TEAM = BXHXT2839P;
				GENERATE_INFOPLIST_FILE = YES;
				MARKETING_VERSION = 1.0;
				PRODUCT_BUNDLE_IDENTIFIER = "com.ostrowick.Pro-Service-HubUITests";
				PRODUCT_NAME = "$(TARGET_NAME)";
				STRING_CATALOG_GENERATE_SYMBOLS = NO;
				SWIFT_APPROACHABLE_CONCURRENCY = YES;
				SWIFT_EMIT_LOC_STRINGS = NO;
				SWIFT_UPCOMING_FEATURE_MEMBER_IMPORT_VISIBILITY = YES;
				SWIFT_VERSION = 5.0;
				TARGETED_DEVICE_FAMILY = "1,2";
				TEST_TARGET_NAME = "Pro Service Hub";
			};
			name = Debug;
		};
		1ADD49DA2F0D5CFB008812AC /* Release */ = {
			isa = XCBuildConfiguration;
			buildSettings = {
				CODE_SIGN_STYLE = Automatic;
				CURRENT_PROJECT_VERSION = 1;
				DEVELOPMENT_TEAM = BXHXT2839P;
				GENERATE_INFOPLIST_FILE = YES;
				MARKETING_VERSION = 1.0;
				PRODUCT_BUNDLE_IDENTIFIER = "com.ostrowick.Pro-Service-HubUITests";
				PRODUCT_NAME = "$(TARGET_NAME)";
				STRING_CATALOG_GENERATE_SYMBOLS = NO;
				SWIFT_APPROACHABLE_CONCURRENCY = YES;
				SWIFT_EMIT_LOC_STRINGS = NO;
				SWIFT_UPCOMING_FEATURE_MEMBER_IMPORT_VISIBILITY = YES;
				SWIFT_VERSION = 5.0;
				TARGETED_DEVICE_FAMILY = "1,2";
				TEST_TARGET_NAME = "Pro Service Hub";
			};
			name = Release;
		};
/* End XCBuildConfiguration section */

/* Begin XCConfigurationList section */
		1ADD49AC2F0D5CF8008812AC /* Build configuration list for PBXProject "Pro Service Hub" */ = {
			isa = XCConfigurationList;
			buildConfigurations = (
				1ADD49D02F0D5CFB008812AC /* Debug */,
				1ADD49D12F0D5CFB008812AC /* Release */,
			);
			defaultConfigurationIsVisible = 0;
			defaultConfigurationName = Release;
		};
		1ADD49D22F0D5CFB008812AC /* Build configuration list for PBXNativeTarget "Pro Service Hub" */ = {
			isa = XCConfigurationList;
			buildConfigurations = (
				1ADD49D32F0D5CFB008812AC /* Debug */,
				1ADD49D42F0D5CFB008812AC /* Release */,
			);
			defaultConfigurationIsVisible = 0;
			defaultConfigurationName = Release;
		};
		1ADD49D52F0D5CFB008812AC /* Build configuration list for PBXNativeTarget "Pro Service HubTests" */ = {
			isa = XCConfigurationList;
			buildConfigurations = (
				1ADD49D62F0D5CFB008812AC /* Debug */,
				1ADD49D72F0D5CFB008812AC /* Release */,
			);
			defaultConfigurationIsVisible = 0;
			defaultConfigurationName = Release;
		};
		1ADD49D82F0D5CFB008812AC /* Build configuration list for PBXNativeTarget "Pro Service HubUITests" */ = {
			isa = XCConfigurationList;
			buildConfigurations = (
				1ADD49D92F0D5CFB008812AC /* Debug */,
				1ADD49DA2F0D5CFB008812AC /* Release */,
			);
			defaultConfigurationIsVisible = 0;
			defaultConfigurationName = Release;
		};
/* End XCConfigurationList section */
	};
	rootObject = 1ADD49A92F0D5CF8008812AC /* Project object */;
}
